
Microsoft Visual Studio Solution File, Format Version 12.00
# Visual Studio Version 17
VisualStudioVersion = 17.5.33103.201
MinimumVisualStudioVersion = 10.0.40219.1
Project("{FAE04EC0-301F-11D3-BF4B-00C04F79EFBC}") = "Corelibs.BlazorShared", "Corelibs.BlazorShared\Corelibs.BlazorShared.csproj", "{ED8E392A-2247-4406-B471-07D5B0B540FB}"
EndProject
Global
	GlobalSection(SolutionConfigurationPlatforms) = preSolution
		Debug|Any CPU = Debug|Any CPU
		Release|Any CPU = Release|Any CPU
	EndGlobalSection
	GlobalSection(ProjectConfigurationPlatforms) = postSolution
		{ED8E392A-2247-4406-B471-07D5B0B540FB}.Debug|Any CPU.ActiveCfg = Debug|Any CPU
		{ED8E392A-2247-4406-B471-07D5B0B540FB}.Debug|Any CPU.Build.0 = Debug|Any CPU
		{ED8E392A-2247-4406-B471-07D5B0B540FB}.Release|Any CPU.ActiveCfg = Release|Any CPU
		{ED8E392A-2247-4406-B471-07D5B0B540FB}.Release|Any CPU.Build.0 = Release|Any CPU
	EndGlobalSection
	GlobalSection(SolutionProperties) = preSolution
		HideSolutionNode = FALSE
	EndGlobalSection
	GlobalSection(ExtensibilityGlobals) = postSolution
		SolutionGuid = {C91BFE62-658E-4D0A-86FF-70297AA7DC6F}
	EndGlobalSection
EndGlobal
